
Microsoft Visual Studio Solution File, Format Version 12.00
# Visual Studio Version 17
VisualStudioVersion = 17.2.32616.157
MinimumVisualStudioVersion = 10.0.40219.1
Project("{8BC9CEB8-8B4A-11D0-8D11-00A0C91BC942}") = "Лаб 5.2", "Лаб 5.2\Лаб 5.2.vcxproj", "{27DD0437-7832-4BE1-A4BA-75A6B79D81FF}"
EndProject
Global
	GlobalSection(SolutionConfigurationPlatforms) = preSolution
		Debug|x64 = Debug|x64
		Debug|x86 = Debug|x86
		Release|x64 = Release|x64
		Release|x86 = Release|x86
	EndGlobalSection
	GlobalSection(ProjectConfigurationPlatforms) = postSolution
		{27DD0437-7832-4BE1-A4BA-75A6B79D81FF}.Debug|x64.ActiveCfg = Debug|x64
		{27DD0437-7832-4BE1-A4BA-75A6B79D81FF}.Debug|x64.Build.0 = Debug|x64
		{27DD0437-7832-4BE1-A4BA-75A6B79D81FF}.Debug|x86.ActiveCfg = Debug|Win32
		{27DD0437-7832-4BE1-A4BA-75A6B79D81FF}.Debug|x86.Build.0 = Debug|Win32
		{27DD0437-7832-4BE1-A4BA-75A6B79D81FF}.Release|x64.ActiveCfg = Release|x64
		{27DD0437-7832-4BE1-A4BA-75A6B79D81FF}.Release|x64.Build.0 = Release|x64
		{27DD0437-7832-4BE1-A4BA-75A6B79D81FF}.Release|x86.ActiveCfg = Release|Win32
		{27DD0437-7832-4BE1-A4BA-75A6B79D81FF}.Release|x86.Build.0 = Release|Win32
	EndGlobalSection
	GlobalSection(SolutionProperties) = preSolution
		HideSolutionNode = FALSE
	EndGlobalSection
	GlobalSection(ExtensibilityGlobals) = postSolution
		SolutionGuid = {2174562E-B23F-413B-A9E6-88A0C4286982}
	EndGlobalSection
EndGlobal
